
Microsoft Visual Studio Solution File, Format Version 12.00
# Visual Studio Version 16
VisualStudioVersion = 16.0.29806.167
MinimumVisualStudioVersion = 10.0.40219.1
Project("{FAE04EC0-301F-11D3-BF4B-00C04F79EFBC}") = "API", "API\API.csproj", "{CA2899B5-1438-45F7-8F2D-E3708A13C550}"
EndProject
Project("{FAE04EC0-301F-11D3-BF4B-00C04F79EFBC}") = "Domain", "Domain\Domain.csproj", "{23D98DBB-1DC6-45BF-AE2A-31C3B0F3053B}"
EndProject
Project("{FAE04EC0-301F-11D3-BF4B-00C04F79EFBC}") = "Application", "Application\Application.csproj", "{E8695A5C-E7A3-4C31-A9D4-B2CCE480C726}"
EndProject
Project("{FAE04EC0-301F-11D3-BF4B-00C04F79EFBC}") = "Persistance", "Persistance\Persistance.csproj", "{CE0FA079-0F63-41D5-940F-78B296448B1D}"
EndProject
Global
	GlobalSection(SolutionConfigurationPlatforms) = preSolution
		Debug|Any CPU = Debug|Any CPU
		Release|Any CPU = Release|Any CPU
	EndGlobalSection
	GlobalSection(ProjectConfigurationPlatforms) = postSolution
		{CA2899B5-1438-45F7-8F2D-E3708A13C550}.Debug|Any CPU.ActiveCfg = Debug|Any CPU
		{CA2899B5-1438-45F7-8F2D-E3708A13C550}.Debug|Any CPU.Build.0 = Debug|Any CPU
		{CA2899B5-1438-45F7-8F2D-E3708A13C550}.Release|Any CPU.ActiveCfg = Release|Any CPU
		{CA2899B5-1438-45F7-8F2D-E3708A13C550}.Release|Any CPU.Build.0 = Release|Any CPU
		{23D98DBB-1DC6-45BF-AE2A-31C3B0F3053B}.Debug|Any CPU.ActiveCfg = Debug|Any CPU
		{23D98DBB-1DC6-45BF-AE2A-31C3B0F3053B}.Debug|Any CPU.Build.0 = Debug|Any CPU
		{23D98DBB-1DC6-45BF-AE2A-31C3B0F3053B}.Release|Any CPU.ActiveCfg = Release|Any CPU
		{23D98DBB-1DC6-45BF-AE2A-31C3B0F3053B}.Release|Any CPU.Build.0 = Release|Any CPU
		{E8695A5C-E7A3-4C31-A9D4-B2CCE480C726}.Debug|Any CPU.ActiveCfg = Debug|Any CPU
		{E8695A5C-E7A3-4C31-A9D4-B2CCE480C726}.Debug|Any CPU.Build.0 = Debug|Any CPU
		{E8695A5C-E7A3-4C31-A9D4-B2CCE480C726}.Release|Any CPU.ActiveCfg = Release|Any CPU
		{E8695A5C-E7A3-4C31-A9D4-B2CCE480C726}.Release|Any CPU.Build.0 = Release|Any CPU
		{CE0FA079-0F63-41D5-940F-78B296448B1D}.Debug|Any CPU.ActiveCfg = Debug|Any CPU
		{CE0FA079-0F63-41D5-940F-78B296448B1D}.Debug|Any CPU.Build.0 = Debug|Any CPU
		{CE0FA079-0F63-41D5-940F-78B296448B1D}.Release|Any CPU.ActiveCfg = Release|Any CPU
		{CE0FA079-0F63-41D5-940F-78B296448B1D}.Release|Any CPU.Build.0 = Release|Any CPU
	EndGlobalSection
	GlobalSection(SolutionProperties) = preSolution
		HideSolutionNode = FALSE
	EndGlobalSection
	GlobalSection(ExtensibilityGlobals) = postSolution
		SolutionGuid = {31291A43-3B42-4353-A3C6-3264FC075246}
	EndGlobalSection
EndGlobal
